
Microsoft Visual Studio Solution File, Format Version 12.00
# Visual Studio Version 17
VisualStudioVersion = 17.9.34622.214
MinimumVisualStudioVersion = 10.0.40219.1
Project("{FAE04EC0-301F-11D3-BF4B-00C04F79EFBC}") = "HotelPriceCalculator", "HotelPriceCalculator\HotelPriceCalculator.csproj", "{7E50E1F1-A2A3-4037-98F0-48EC6F5AB9CD}"
EndProject
Global
	GlobalSection(SolutionConfigurationPlatforms) = preSolution
		Debug|Any CPU = Debug|Any CPU
		Release|Any CPU = Release|Any CPU
	EndGlobalSection
	GlobalSection(ProjectConfigurationPlatforms) = postSolution
		{7E50E1F1-A2A3-4037-98F0-48EC6F5AB9CD}.Debug|Any CPU.ActiveCfg = Debug|Any CPU
		{7E50E1F1-A2A3-4037-98F0-48EC6F5AB9CD}.Debug|Any CPU.Build.0 = Debug|Any CPU
		{7E50E1F1-A2A3-4037-98F0-48EC6F5AB9CD}.Release|Any CPU.ActiveCfg = Release|Any CPU
		{7E50E1F1-A2A3-4037-98F0-48EC6F5AB9CD}.Release|Any CPU.Build.0 = Release|Any CPU
	EndGlobalSection
	GlobalSection(SolutionProperties) = preSolution
		HideSolutionNode = FALSE
	EndGlobalSection
	GlobalSection(ExtensibilityGlobals) = postSolution
		SolutionGuid = {31531855-D6BA-499F-B3FA-6AEFDCB6E264}
	EndGlobalSection
EndGlobal
